// !$*UTF8*$!
{
	archiveVersion = 1;
	classes = {
	};
	objectVersion = 56;
	objects = {

/* Begin PBXBuildFile section */
		D738713C2C4FF31400707D42 /* Weather.swift in Sources */ = {isa = PBXBuildFile; fileRef = D738713B2C4FF31400707D42 /* Weather.swift */; };
		D73871412C500D3A00707D42 /* WeatherAPIManager.swift in Sources */ = {isa = PBXBuildFile; fileRef = D73871402C500D3A00707D42 /* WeatherAPIManager.swift */; };
		D73871432C5011C300707D42 /* City.swift in Sources */ = {isa = PBXBuildFile; fileRef = D73871422C5011C300707D42 /* City.swift */; };
		D73871462C5023A700707D42 /* MainViewModel.swift in Sources */ = {isa = PBXBuildFile; fileRef = D73871452C5023A700707D42 /* MainViewModel.swift */; };
		D73871482C5024E200707D42 /* MainView.swift in Sources */ = {isa = PBXBuildFile; fileRef = D73871472C5024E200707D42 /* MainView.swift */; };
		D738714A2C50257600707D42 /* BackgroundGradientView.swift in Sources */ = {isa = PBXBuildFile; fileRef = D73871492C50257600707D42 /* BackgroundGradientView.swift */; };
		D738714C2C50259E00707D42 /* WeatherContentView.swift in Sources */ = {isa = PBXBuildFile; fileRef = D738714B2C50259E00707D42 /* WeatherContentView.swift */; };
		D738714E2C50260900707D42 /* TextLabelView.swift in Sources */ = {isa = PBXBuildFile; fileRef = D738714D2C50260900707D42 /* TextLabelView.swift */; };
		D73871502C50265500707D42 /* ButtonView.swift in Sources */ = {isa = PBXBuildFile; fileRef = D738714F2C50265500707D42 /* ButtonView.swift */; };
		D7A257732C4EE94100E0920E /* Weather_SwiftUIApp.swift in Sources */ = {isa = PBXBuildFile; fileRef = D7A257722C4EE94100E0920E /* Weather_SwiftUIApp.swift */; };
		D7A257752C4EE94100E0920E /* ContentView.swift in Sources */ = {isa = PBXBuildFile; fileRef = D7A257742C4EE94100E0920E /* ContentView.swift */; };
		D7A257772C4EE94400E0920E /* Assets.xcassets in Resources */ = {isa = PBXBuildFile; fileRef = D7A257762C4EE94400E0920E /* Assets.xcassets */; };
		D7A2577A2C4EE94400E0920E /* Preview Assets.xcassets in Resources */ = {isa = PBXBuildFile; fileRef = D7A257792C4EE94400E0920E /* Preview Assets.xcassets */; };
/* End PBXBuildFile section */

/* Begin PBXFileReference section */
		D738713B2C4FF31400707D42 /* Weather.swift */ = {isa = PBXFileReference; lastKnownFileType = sourcecode.swift; path = Weather.swift; sourceTree = "<group>"; };
		D73871402C500D3A00707D42 /* WeatherAPIManager.swift */ = {isa = PBXFileReference; lastKnownFileType = sourcecode.swift; path = WeatherAPIManager.swift; sourceTree = "<group>"; };
		D73871422C5011C300707D42 /* City.swift */ = {isa = PBXFileReference; lastKnownFileType = sourcecode.swift; path = City.swift; sourceTree = "<group>"; };
		D73871452C5023A700707D42 /* MainViewModel.swift */ = {isa = PBXFileReference; lastKnownFileType = sourcecode.swift; path = MainViewModel.swift; sourceTree = "<group>"; };
		D73871472C5024E200707D42 /* MainView.swift */ = {isa = PBXFileReference; lastKnownFileType = sourcecode.swift; path = MainView.swift; sourceTree = "<group>"; };
		D73871492C50257600707D42 /* BackgroundGradientView.swift */ = {isa = PBXFileReference; lastKnownFileType = sourcecode.swift; path = BackgroundGradientView.swift; sourceTree = "<group>"; };
		D738714B2C50259E00707D42 /* WeatherContentView.swift */ = {isa = PBXFileReference; lastKnownFileType = sourcecode.swift; path = WeatherContentView.swift; sourceTree = "<group>"; };
		D738714D2C50260900707D42 /* TextLabelView.swift */ = {isa = PBXFileReference; lastKnownFileType = sourcecode.swift; path = TextLabelView.swift; sourceTree = "<group>"; };
		D738714F2C50265500707D42 /* ButtonView.swift */ = {isa = PBXFileReference; lastKnownFileType = sourcecode.swift; path = ButtonView.swift; sourceTree = "<group>"; };
		D7A2576F2C4EE94100E0920E /* Weather-SwiftUI.app */ = {isa = PBXFileReference; explicitFileType = wrapper.application; includeInIndex = 0; path = "Weather-SwiftUI.app"; sourceTree = BUILT_PRODUCTS_DIR; };
		D7A257722C4EE94100E0920E /* Weather_SwiftUIApp.swift */ = {isa = PBXFileReference; lastKnownFileType = sourcecode.swift; path = Weather_SwiftUIApp.swift; sourceTree = "<group>"; };
		D7A257742C4EE94100E0920E /* ContentView.swift */ = {isa = PBXFileReference; lastKnownFileType = sourcecode.swift; path = ContentView.swift; sourceTree = "<group>"; };
		D7A257762C4EE94400E0920E /* Assets.xcassets */ = {isa = PBXFileReference; lastKnownFileType = folder.assetcatalog; path = Assets.xcassets; sourceTree = "<group>"; };
		D7A257792C4EE94400E0920E /* Preview Assets.xcassets */ = {isa = PBXFileReference; lastKnownFileType = folder.assetcatalog; path = "Preview Assets.xcassets"; sourceTree = "<group>"; };
/* End PBXFileReference section */

/* Begin PBXFrameworksBuildPhase section */
		D7A2576C2C4EE94100E0920E /* Frameworks */ = {
			isa = PBXFrameworksBuildPhase;
			buildActionMask = 2147483647;
			files = (
			);
			runOnlyForDeploymentPostprocessing = 0;
		};
/* End PBXFrameworksBuildPhase section */

/* Begin PBXGroup section */
		D738713A2C4FF30700707D42 /* Models */ = {
			isa = PBXGroup;
			children = (
				D738713B2C4FF31400707D42 /* Weather.swift */,
				D73871422C5011C300707D42 /* City.swift */,
			);
			path = Models;
			sourceTree = "<group>";
		};
		D738713E2C4FFBD900707D42 /* Views */ = {
			isa = PBXGroup;
			children = (
				D73871522C50268700707D42 /* MainView */,
			);
			path = Views;
			sourceTree = "<group>";
		};
		D738713F2C500D2900707D42 /* Services */ = {
			isa = PBXGroup;
			children = (
				D73871402C500D3A00707D42 /* WeatherAPIManager.swift */,
			);
			path = Services;
			sourceTree = "<group>";
		};
		D73871442C50239500707D42 /* ViewModels */ = {
			isa = PBXGroup;
			children = (
				D73871512C50267D00707D42 /* MainViewModel */,
			);
			path = ViewModels;
			sourceTree = "<group>";
		};
		D73871512C50267D00707D42 /* MainViewModel */ = {
			isa = PBXGroup;
			children = (
				D73871452C5023A700707D42 /* MainViewModel.swift */,
			);
			path = MainViewModel;
			sourceTree = "<group>";
		};
		D73871522C50268700707D42 /* MainView */ = {
			isa = PBXGroup;
			children = (
				D73871472C5024E200707D42 /* MainView.swift */,
				D73871492C50257600707D42 /* BackgroundGradientView.swift */,
				D738714B2C50259E00707D42 /* WeatherContentView.swift */,
				D738714D2C50260900707D42 /* TextLabelView.swift */,
				D738714F2C50265500707D42 /* ButtonView.swift */,
			);
			path = MainView;
			sourceTree = "<group>";
		};
		D7A257662C4EE94100E0920E = {
			isa = PBXGroup;
			children = (
				D7A257712C4EE94100E0920E /* Weather-SwiftUI */,
				D7A257702C4EE94100E0920E /* Products */,
			);
			sourceTree = "<group>";
		};
		D7A257702C4EE94100E0920E /* Products */ = {
			isa = PBXGroup;
			children = (
				D7A2576F2C4EE94100E0920E /* Weather-SwiftUI.app */,
			);
			name = Products;
			sourceTree = "<group>";
		};
		D7A257712C4EE94100E0920E /* Weather-SwiftUI */ = {
			isa = PBXGroup;
			children = (
				D73871442C50239500707D42 /* ViewModels */,
				D738713F2C500D2900707D42 /* Services */,
				D738713E2C4FFBD900707D42 /* Views */,
				D738713A2C4FF30700707D42 /* Models */,
				D7A257722C4EE94100E0920E /* Weather_SwiftUIApp.swift */,
				D7A257742C4EE94100E0920E /* ContentView.swift */,
				D7A257762C4EE94400E0920E /* Assets.xcassets */,
				D7A257782C4EE94400E0920E /* Preview Content */,
			);
			path = "Weather-SwiftUI";
			sourceTree = "<group>";
		};
		D7A257782C4EE94400E0920E /* Preview Content */ = {
			isa = PBXGroup;
			children = (
				D7A257792C4EE94400E0920E /* Preview Assets.xcassets */,
			);
			path = "Preview Content";
			sourceTree = "<group>";
		};
/* End PBXGroup section */

/* Begin PBXNativeTarget section */
		D7A2576E2C4EE94100E0920E /* Weather-SwiftUI */ = {
			isa = PBXNativeTarget;
			buildConfigurationList = D7A2577D2C4EE94400E0920E /* Build configuration list for PBXNativeTarget "Weather-SwiftUI" */;
			buildPhases = (
				D7A2576B2C4EE94100E0920E /* Sources */,
				D7A2576C2C4EE94100E0920E /* Frameworks */,
				D7A2576D2C4EE94100E0920E /* Resources */,
			);
			buildRules = (
			);
			dependencies = (
			);
			name = "Weather-SwiftUI";
			productName = "Weather-SwiftUI";
			productReference = D7A2576F2C4EE94100E0920E /* Weather-SwiftUI.app */;
			productType = "com.apple.product-type.application";
		};
/* End PBXNativeTarget section */

/* Begin PBXProject section */
		D7A257672C4EE94100E0920E /* Project object */ = {
			isa = PBXProject;
			attributes = {
				BuildIndependentTargetsInParallel = 1;
				LastSwiftUpdateCheck = 1420;
				LastUpgradeCheck = 1420;
				TargetAttributes = {
					D7A2576E2C4EE94100E0920E = {
						CreatedOnToolsVersion = 14.2;
					};
				};
			};
			buildConfigurationList = D7A2576A2C4EE94100E0920E /* Build configuration list for PBXProject "Weather-SwiftUI" */;
			compatibilityVersion = "Xcode 14.0";
			developmentRegion = en;
			hasScannedForEncodings = 0;
			knownRegions = (
				en,
				Base,
			);
			mainGroup = D7A257662C4EE94100E0920E;
			productRefGroup = D7A257702C4EE94100E0920E /* Products */;
			projectDirPath = "";
			projectRoot = "";
			targets = (
				D7A2576E2C4EE94100E0920E /* Weather-SwiftUI */,
			);
		};
/* End PBXProject section */

/* Begin PBXResourcesBuildPhase section */
		D7A2576D2C4EE94100E0920E /* Resources */ = {
			isa = PBXResourcesBuildPhase;
			buildActionMask = 2147483647;
			files = (
				D7A2577A2C4EE94400E0920E /* Preview Assets.xcassets in Resources */,
				D7A257772C4EE94400E0920E /* Assets.xcassets in Resources */,
			);
			runOnlyForDeploymentPostprocessing = 0;
		};
/* End PBXResourcesBuildPhase section */

/* Begin PBXSourcesBuildPhase section */
		D7A2576B2C4EE94100E0920E /* Sources */ = {
			isa = PBXSourcesBuildPhase;
			buildActionMask = 2147483647;
			files = (
				D738714A2C50257600707D42 /* BackgroundGradientView.swift in Sources */,
				D73871432C5011C300707D42 /* City.swift in Sources */,
				D73871482C5024E200707D42 /* MainView.swift in Sources */,
				D7A257752C4EE94100E0920E /* ContentView.swift in Sources */,
				D738714C2C50259E00707D42 /* WeatherContentView.swift in Sources */,
				D73871462C5023A700707D42 /* MainViewModel.swift in Sources */,
				D73871502C50265500707D42 /* ButtonView.swift in Sources */,
				D7A257732C4EE94100E0920E /* Weather_SwiftUIApp.swift in Sources */,
				D738713C2C4FF31400707D42 /* Weather.swift in Sources */,
				D738714E2C50260900707D42 /* TextLabelView.swift in Sources */,
				D73871412C500D3A00707D42 /* WeatherAPIManager.swift in Sources */,
			);
			runOnlyForDeploymentPostprocessing = 0;
		};
/* End PBXSourcesBuildPhase section */

/* Begin XCBuildConfiguration section */
		D7A2577B2C4EE94400E0920E /* Debug */ = {
			isa = XCBuildConfiguration;
			buildSettings = {
				ALWAYS_SEARCH_USER_PATHS = NO;
				CLANG_ANALYZER_NONNULL = YES;
				CLANG_ANALYZER_NUMBER_OBJECT_CONVERSION = YES_AGGRESSIVE;
				CLANG_CXX_LANGUAGE_STANDARD = "gnu++20";
				CLANG_ENABLE_MODULES = YES;
				CLANG_ENABLE_OBJC_ARC = YES;
				CLANG_ENABLE_OBJC_WEAK = YES;
				CLANG_WARN_BLOCK_CAPTURE_AUTORELEASING = YES;
				CLANG_WARN_BOOL_CONVERSION = YES;
				CLANG_WARN_COMMA = YES;
				CLANG_WARN_CONSTANT_CONVERSION = YES;
				CLANG_WARN_DEPRECATED_OBJC_IMPLEMENTATIONS = YES;
				CLANG_WARN_DIRECT_OBJC_ISA_USAGE = YES_ERROR;
				CLANG_WARN_DOCUMENTATION_COMMENTS = YES;
				CLANG_WARN_EMPTY_BODY = YES;
				CLANG_WARN_ENUM_CONVERSION = YES;
				CLANG_WARN_INFINITE_RECURSION = YES;
				CLANG_WARN_INT_CONVERSION = YES;
				CLANG_WARN_NON_LITERAL_NULL_CONVERSION = YES;
				CLANG_WARN_OBJC_IMPLICIT_RETAIN_SELF = YES;
				CLANG_WARN_OBJC_LITERAL_CONVERSION = YES;
				CLANG_WARN_OBJC_ROOT_CLASS = YES_ERROR;
				CLANG_WARN_QUOTED_INCLUDE_IN_FRAMEWORK_HEADER = YES;
				CLANG_WARN_RANGE_LOOP_ANALYSIS = YES;
				CLANG_WARN_STRICT_PROTOTYPES = YES;
				CLANG_WARN_SUSPICIOUS_MOVE = YES;
				CLANG_WARN_UNGUARDED_AVAILABILITY = YES_AGGRESSIVE;
				CLANG_WARN_UNREACHABLE_CODE = YES;
				CLANG_WARN__DUPLICATE_METHOD_MATCH = YES;
				COPY_PHASE_STRIP = NO;
				DEBUG_INFORMATION_FORMAT = dwarf;
				ENABLE_STRICT_OBJC_MSGSEND = YES;
				ENABLE_TESTABILITY = YES;
				GCC_C_LANGUAGE_STANDARD = gnu11;
				GCC_DYNAMIC_NO_PIC = NO;
				GCC_NO_COMMON_BLOCKS = YES;
				GCC_OPTIMIZATION_LEVEL = 0;
				GCC_PREPROCESSOR_DEFINITIONS = (
					"DEBUG=1",
					"$(inherited)",
				);
				GCC_WARN_64_TO_32_BIT_CONVERSION = YES;
				GCC_WARN_ABOUT_RETURN_TYPE = YES_ERROR;
				GCC_WARN_UNDECLARED_SELECTOR = YES;
				GCC_WARN_UNINITIALIZED_AUTOS = YES_AGGRESSIVE;
				GCC_WARN_UNUSED_FUNCTION = YES;
				GCC_WARN_UNUSED_VARIABLE = YES;
				IPHONEOS_DEPLOYMENT_TARGET = 16.2;
				MTL_ENABLE_DEBUG_INFO = INCLUDE_SOURCE;
				MTL_FAST_MATH = YES;
				ONLY_ACTIVE_ARCH = YES;
				SDKROOT = iphoneos;
				SWIFT_ACTIVE_COMPILATION_CONDITIONS = DEBUG;
				SWIFT_OPTIMIZATION_LEVEL = "-Onone";
			};
			name = Debug;
		};
		D7A2577C2C4EE94400E0920E /* Release */ = {
			isa = XCBuildConfiguration;
			buildSettings = {
				ALWAYS_SEARCH_USER_PATHS = NO;
				CLANG_ANALYZER_NONNULL = YES;
				CLANG_ANALYZER_NUMBER_OBJECT_CONVERSION = YES_AGGRESSIVE;
				CLANG_CXX_LANGUAGE_STANDARD = "gnu++20";
				CLANG_ENABLE_MODULES = YES;
				CLANG_ENABLE_OBJC_ARC = YES;
				CLANG_ENABLE_OBJC_WEAK = YES;
				CLANG_WARN_BLOCK_CAPTURE_AUTORELEASING = YES;
				CLANG_WARN_BOOL_CONVERSION = YES;
				CLANG_WARN_COMMA = YES;
				CLANG_WARN_CONSTANT_CONVERSION = YES;
				CLANG_WARN_DEPRECATED_OBJC_IMPLEMENTATIONS = YES;
				CLANG_WARN_DIRECT_OBJC_ISA_USAGE = YES_ERROR;
				CLANG_WARN_DOCUMENTATION_COMMENTS = YES;
				CLANG_WARN_EMPTY_BODY = YES;
				CLANG_WARN_ENUM_CONVERSION = YES;
				CLANG_WARN_INFINITE_RECURSION = YES;
				CLANG_WARN_INT_CONVERSION = YES;
				CLANG_WARN_NON_LITERAL_NULL_CONVERSION = YES;
				CLANG_WARN_OBJC_IMPLICIT_RETAIN_SELF = YES;
				CLANG_WARN_OBJC_LITERAL_CONVERSION = YES;
				CLANG_WARN_OBJC_ROOT_CLASS = YES_ERROR;
				CLANG_WARN_QUOTED_INCLUDE_IN_FRAMEWORK_HEADER = YES;
				CLANG_WARN_RANGE_LOOP_ANALYSIS = YES;
				CLANG_WARN_STRICT_PROTOTYPES = YES;
				CLANG_WARN_SUSPICIOUS_MOVE = YES;
				CLANG_WARN_UNGUARDED_AVAILABILITY = YES_AGGRESSIVE;
				CLANG_WARN_UNREACHABLE_CODE = YES;
				CLANG_WARN__DUPLICATE_METHOD_MATCH = YES;
				COPY_PHASE_STRIP = NO;
				DEBUG_INFORMATION_FORMAT = "dwarf-with-dsym";
				ENABLE_NS_ASSERTIONS = NO;
				ENABLE_STRICT_OBJC_MSGSEND = YES;
				GCC_C_LANGUAGE_STANDARD = gnu11;
				GCC_NO_COMMON_BLOCKS = YES;
				GCC_WARN_64_TO_32_BIT_CONVERSION = YES;
				GCC_WARN_ABOUT_RETURN_TYPE = YES_ERROR;
				GCC_WARN_UNDECLARED_SELECTOR = YES;
				GCC_WARN_UNINITIALIZED_AUTOS = YES_AGGRESSIVE;
				GCC_WARN_UNUSED_FUNCTION = YES;
				GCC_WARN_UNUSED_VARIABLE = YES;
				IPHONEOS_DEPLOYMENT_TARGET = 16.2;
				MTL_ENABLE_DEBUG_INFO = NO;
				MTL_FAST_MATH = YES;
				SDKROOT = iphoneos;
				SWIFT_COMPILATION_MODE = wholemodule;
				SWIFT_OPTIMIZATION_LEVEL = "-O";
				VALIDATE_PRODUCT = YES;
			};
			name = Release;
		};
		D7A2577E2C4EE94400E0920E /* Debug */ = {
			isa = XCBuildConfiguration;
			buildSettings = {
				ASSETCATALOG_COMPILER_APPICON_NAME = AppIcon;
				ASSETCATALOG_COMPILER_GLOBAL_ACCENT_COLOR_NAME = AccentColor;
				CODE_SIGN_STYLE = Automatic;
				CURRENT_PROJECT_VERSION = 1;
				DEVELOPMENT_ASSET_PATHS = "\"Weather-SwiftUI/Preview Content\"";
				ENABLE_PREVIEWS = YES;
				GENERATE_INFOPLIST_FILE = YES;
				INFOPLIST_KEY_NSLocationUsageDescription = "Need your current location for weather";
				INFOPLIST_KEY_NSLocationWhenInUseUsageDescription = "Need your current location for weather";
				INFOPLIST_KEY_UIApplicationSceneManifest_Generation = YES;
				INFOPLIST_KEY_UIApplicationSupportsIndirectInputEvents = YES;
				INFOPLIST_KEY_UILaunchScreen_Generation = YES;
				INFOPLIST_KEY_UISupportedInterfaceOrientations_iPad = "UIInterfaceOrientationPortrait UIInterfaceOrientationPortraitUpsideDown UIInterfaceOrientationLandscapeLeft UIInterfaceOrientationLandscapeRight";
				INFOPLIST_KEY_UISupportedInterfaceOrientations_iPhone = "UIInterfaceOrientationPortrait UIInterfaceOrientationLandscapeLeft UIInterfaceOrientationLandscapeRight";
				LD_RUNPATH_SEARCH_PATHS = (
					"$(inherited)",
					"@executable_path/Frameworks",
				);
				MARKETING_VERSION = 1.0;
				PRODUCT_BUNDLE_IDENTIFIER = "irtiza.Weather-SwiftUI";
				PRODUCT_NAME = "$(TARGET_NAME)";
				SWIFT_EMIT_LOC_STRINGS = YES;
				SWIFT_VERSION = 5.0;
				TARGETED_DEVICE_FAMILY = "1,2";
			};
			name = Debug;
		};
		D7A2577F2C4EE94400E0920E /* Release */ = {
			isa = XCBuildConfiguration;
			buildSettings = {
				ASSETCATALOG_COMPILER_APPICON_NAME = AppIcon;
				ASSETCATALOG_COMPILER_GLOBAL_ACCENT_COLOR_NAME = AccentColor;
				CODE_SIGN_STYLE = Automatic;
				CURRENT_PROJECT_VERSION = 1;
				DEVELOPMENT_ASSET_PATHS = "\"Weather-SwiftUI/Preview Content\"";
				ENABLE_PREVIEWS = YES;
				GENERATE_INFOPLIST_FILE = YES;
				INFOPLIST_KEY_NSLocationUsageDescription = "Need your current location for weather";
				INFOPLIST_KEY_NSLocationWhenInUseUsageDescription = "Need your current location for weather";
				INFOPLIST_KEY_UIApplicationSceneManifest_Generation = YES;
				INFOPLIST_KEY_UIApplicationSupportsIndirectInputEvents = YES;
				INFOPLIST_KEY_UILaunchScreen_Generation = YES;
				INFOPLIST_KEY_UISupportedInterfaceOrientations_iPad = "UIInterfaceOrientationPortrait UIInterfaceOrientationPortraitUpsideDown UIInterfaceOrientationLandscapeLeft UIInterfaceOrientationLandscapeRight";
				INFOPLIST_KEY_UISupportedInterfaceOrientations_iPhone = "UIInterfaceOrientationPortrait UIInterfaceOrientationLandscapeLeft UIInterfaceOrientationLandscapeRight";
				LD_RUNPATH_SEARCH_PATHS = (
					"$(inherited)",
					"@executable_path/Frameworks",
				);
				MARKETING_VERSION = 1.0;
				PRODUCT_BUNDLE_IDENTIFIER = "irtiza.Weather-SwiftUI";
				PRODUCT_NAME = "$(TARGET_NAME)";
				SWIFT_EMIT_LOC_STRINGS = YES;
				SWIFT_VERSION = 5.0;
				TARGETED_DEVICE_FAMILY = "1,2";
			};
			name = Release;
		};
/* End XCBuildConfiguration section */

/* Begin XCConfigurationList section */
		D7A2576A2C4EE94100E0920E /* Build configuration list for PBXProject "Weather-SwiftUI" */ = {
			isa = XCConfigurationList;
			buildConfigurations = (
				D7A2577B2C4EE94400E0920E /* Debug */,
				D7A2577C2C4EE94400E0920E /* Release */,
			);
			defaultConfigurationIsVisible = 0;
			defaultConfigurationName = Release;
		};
		D7A2577D2C4EE94400E0920E /* Build configuration list for PBXNativeTarget "Weather-SwiftUI" */ = {
			isa = XCConfigurationList;
			buildConfigurations = (
				D7A2577E2C4EE94400E0920E /* Debug */,
				D7A2577F2C4EE94400E0920E /* Release */,
			);
			defaultConfigurationIsVisible = 0;
			defaultConfigurationName = Release;
		};
/* End XCConfigurationList section */
	};
	rootObject = D7A257672C4EE94100E0920E /* Project object */;
}
