// !$*UTF8*$!
{
	archiveVersion = 1;
	classes = {
	};
	objectVersion = 56;
	objects = {

/* Begin PBXBuildFile section */
		8C1067D19FDE7748116D23B1 /* Pods_Todoey__with_Realm_.framework in Frameworks */ = {isa = PBXBuildFile; fileRef = 72734BB917CD31C58A2CF2CF /* Pods_Todoey__with_Realm_.framework */; };
		D7A257432C4EC71B00E0920E /* AppDelegate.swift in Sources */ = {isa = PBXBuildFile; fileRef = D7A257422C4EC71B00E0920E /* AppDelegate.swift */; };
		D7A257452C4EC71B00E0920E /* SceneDelegate.swift in Sources */ = {isa = PBXBuildFile; fileRef = D7A257442C4EC71B00E0920E /* SceneDelegate.swift */; };
		D7A2574C2C4EC71D00E0920E /* Assets.xcassets in Resources */ = {isa = PBXBuildFile; fileRef = D7A2574B2C4EC71D00E0920E /* Assets.xcassets */; };
		D7A2574F2C4EC71D00E0920E /* LaunchScreen.storyboard in Resources */ = {isa = PBXBuildFile; fileRef = D7A2574D2C4EC71D00E0920E /* LaunchScreen.storyboard */; };
		D7A2575A2C4EC78100E0920E /* DatabaseService.swift in Sources */ = {isa = PBXBuildFile; fileRef = D7A257592C4EC78100E0920E /* DatabaseService.swift */; };
		D7A2575C2C4EC79B00E0920E /* CategoryListViewController.swift in Sources */ = {isa = PBXBuildFile; fileRef = D7A2575B2C4EC79B00E0920E /* CategoryListViewController.swift */; };
		D7A2575E2C4EC7B700E0920E /* TodoListViewController.swift in Sources */ = {isa = PBXBuildFile; fileRef = D7A2575D2C4EC7B700E0920E /* TodoListViewController.swift */; };
		D7A257602C4EC82100E0920E /* Main.storyboard in Resources */ = {isa = PBXBuildFile; fileRef = D7A2575F2C4EC82100E0920E /* Main.storyboard */; };
		D7A257632C4EC94400E0920E /* Category.swift in Sources */ = {isa = PBXBuildFile; fileRef = D7A257622C4EC94400E0920E /* Category.swift */; };
		D7A257652C4EC95D00E0920E /* Todo.swift in Sources */ = {isa = PBXBuildFile; fileRef = D7A257642C4EC95D00E0920E /* Todo.swift */; };
/* End PBXBuildFile section */

/* Begin PBXFileReference section */
		0524F006845C19158A9337FC /* Pods-Todoey (with Realm).release.xcconfig */ = {isa = PBXFileReference; includeInIndex = 1; lastKnownFileType = text.xcconfig; name = "Pods-Todoey (with Realm).release.xcconfig"; path = "Target Support Files/Pods-Todoey (with Realm)/Pods-Todoey (with Realm).release.xcconfig"; sourceTree = "<group>"; };
		72734BB917CD31C58A2CF2CF /* Pods_Todoey__with_Realm_.framework */ = {isa = PBXFileReference; explicitFileType = wrapper.framework; includeInIndex = 0; path = Pods_Todoey__with_Realm_.framework; sourceTree = BUILT_PRODUCTS_DIR; };
		D381D938E24EBADD37F34D05 /* Pods-Todoey (with Realm).debug.xcconfig */ = {isa = PBXFileReference; includeInIndex = 1; lastKnownFileType = text.xcconfig; name = "Pods-Todoey (with Realm).debug.xcconfig"; path = "Target Support Files/Pods-Todoey (with Realm)/Pods-Todoey (with Realm).debug.xcconfig"; sourceTree = "<group>"; };
		D7A2573F2C4EC71B00E0920E /* Todoey (with Realm).app */ = {isa = PBXFileReference; explicitFileType = wrapper.application; includeInIndex = 0; path = "Todoey (with Realm).app"; sourceTree = BUILT_PRODUCTS_DIR; };
		D7A257422C4EC71B00E0920E /* AppDelegate.swift */ = {isa = PBXFileReference; lastKnownFileType = sourcecode.swift; path = AppDelegate.swift; sourceTree = "<group>"; };
		D7A257442C4EC71B00E0920E /* SceneDelegate.swift */ = {isa = PBXFileReference; lastKnownFileType = sourcecode.swift; path = SceneDelegate.swift; sourceTree = "<group>"; };
		D7A2574B2C4EC71D00E0920E /* Assets.xcassets */ = {isa = PBXFileReference; lastKnownFileType = folder.assetcatalog; path = Assets.xcassets; sourceTree = "<group>"; };
		D7A2574E2C4EC71D00E0920E /* Base */ = {isa = PBXFileReference; lastKnownFileType = file.storyboard; name = Base; path = Base.lproj/LaunchScreen.storyboard; sourceTree = "<group>"; };
		D7A257502C4EC71D00E0920E /* Info.plist */ = {isa = PBXFileReference; lastKnownFileType = text.plist.xml; path = Info.plist; sourceTree = "<group>"; };
		D7A257592C4EC78100E0920E /* DatabaseService.swift */ = {isa = PBXFileReference; lastKnownFileType = sourcecode.swift; path = DatabaseService.swift; sourceTree = "<group>"; };
		D7A2575B2C4EC79B00E0920E /* CategoryListViewController.swift */ = {isa = PBXFileReference; lastKnownFileType = sourcecode.swift; path = CategoryListViewController.swift; sourceTree = "<group>"; };
		D7A2575D2C4EC7B700E0920E /* TodoListViewController.swift */ = {isa = PBXFileReference; lastKnownFileType = sourcecode.swift; path = TodoListViewController.swift; sourceTree = "<group>"; };
		D7A2575F2C4EC82100E0920E /* Main.storyboard */ = {isa = PBXFileReference; fileEncoding = 4; lastKnownFileType = file.storyboard; path = Main.storyboard; sourceTree = "<group>"; };
		D7A257622C4EC94400E0920E /* Category.swift */ = {isa = PBXFileReference; lastKnownFileType = sourcecode.swift; path = Category.swift; sourceTree = "<group>"; };
		D7A257642C4EC95D00E0920E /* Todo.swift */ = {isa = PBXFileReference; lastKnownFileType = sourcecode.swift; path = Todo.swift; sourceTree = "<group>"; };
/* End PBXFileReference section */

/* Begin PBXFrameworksBuildPhase section */
		D7A2573C2C4EC71B00E0920E /* Frameworks */ = {
			isa = PBXFrameworksBuildPhase;
			buildActionMask = 2147483647;
			files = (
				8C1067D19FDE7748116D23B1 /* Pods_Todoey__with_Realm_.framework in Frameworks */,
			);
			runOnlyForDeploymentPostprocessing = 0;
		};
/* End PBXFrameworksBuildPhase section */

/* Begin PBXGroup section */
		0E8FF8CA7DF6220B6B9F6949 /* Frameworks */ = {
			isa = PBXGroup;
			children = (
				72734BB917CD31C58A2CF2CF /* Pods_Todoey__with_Realm_.framework */,
			);
			name = Frameworks;
			sourceTree = "<group>";
		};
		2B99F32ABBFC2CADE60F827D /* Pods */ = {
			isa = PBXGroup;
			children = (
				D381D938E24EBADD37F34D05 /* Pods-Todoey (with Realm).debug.xcconfig */,
				0524F006845C19158A9337FC /* Pods-Todoey (with Realm).release.xcconfig */,
			);
			path = Pods;
			sourceTree = "<group>";
		};
		D7A257362C4EC71B00E0920E = {
			isa = PBXGroup;
			children = (
				D7A257412C4EC71B00E0920E /* Todoey (with Realm) */,
				D7A257402C4EC71B00E0920E /* Products */,
				2B99F32ABBFC2CADE60F827D /* Pods */,
				0E8FF8CA7DF6220B6B9F6949 /* Frameworks */,
			);
			sourceTree = "<group>";
		};
		D7A257402C4EC71B00E0920E /* Products */ = {
			isa = PBXGroup;
			children = (
				D7A2573F2C4EC71B00E0920E /* Todoey (with Realm).app */,
			);
			name = Products;
			sourceTree = "<group>";
		};
		D7A257412C4EC71B00E0920E /* Todoey (with Realm) */ = {
			isa = PBXGroup;
			children = (
				D7A257612C4EC93900E0920E /* Models */,
				D7A257582C4EC76200E0920E /* Services */,
				D7A257572C4EC75C00E0920E /* Controllers */,
				D7A257562C4EC75600E0920E /* Views */,
				D7A257422C4EC71B00E0920E /* AppDelegate.swift */,
				D7A257442C4EC71B00E0920E /* SceneDelegate.swift */,
				D7A2574B2C4EC71D00E0920E /* Assets.xcassets */,
				D7A2574D2C4EC71D00E0920E /* LaunchScreen.storyboard */,
				D7A257502C4EC71D00E0920E /* Info.plist */,
			);
			path = "Todoey (with Realm)";
			sourceTree = "<group>";
		};
		D7A257562C4EC75600E0920E /* Views */ = {
			isa = PBXGroup;
			children = (
				D7A2575F2C4EC82100E0920E /* Main.storyboard */,
			);
			path = Views;
			sourceTree = "<group>";
		};
		D7A257572C4EC75C00E0920E /* Controllers */ = {
			isa = PBXGroup;
			children = (
				D7A2575B2C4EC79B00E0920E /* CategoryListViewController.swift */,
				D7A2575D2C4EC7B700E0920E /* TodoListViewController.swift */,
			);
			path = Controllers;
			sourceTree = "<group>";
		};
		D7A257582C4EC76200E0920E /* Services */ = {
			isa = PBXGroup;
			children = (
				D7A257592C4EC78100E0920E /* DatabaseService.swift */,
			);
			path = Services;
			sourceTree = "<group>";
		};
		D7A257612C4EC93900E0920E /* Models */ = {
			isa = PBXGroup;
			children = (
				D7A257622C4EC94400E0920E /* Category.swift */,
				D7A257642C4EC95D00E0920E /* Todo.swift */,
			);
			path = Models;
			sourceTree = "<group>";
		};
/* End PBXGroup section */

/* Begin PBXNativeTarget section */
		D7A2573E2C4EC71B00E0920E /* Todoey (with Realm) */ = {
			isa = PBXNativeTarget;
			buildConfigurationList = D7A257532C4EC71D00E0920E /* Build configuration list for PBXNativeTarget "Todoey (with Realm)" */;
			buildPhases = (
				E87F6994531F27CDE0031F49 /* [CP] Check Pods Manifest.lock */,
				D7A2573B2C4EC71B00E0920E /* Sources */,
				D7A2573C2C4EC71B00E0920E /* Frameworks */,
				D7A2573D2C4EC71B00E0920E /* Resources */,
				0A3E47E48B46411B1F0EE9E6 /* [CP] Embed Pods Frameworks */,
			);
			buildRules = (
			);
			dependencies = (
			);
			name = "Todoey (with Realm)";
			productName = "Todoey (with Realm)";
			productReference = D7A2573F2C4EC71B00E0920E /* Todoey (with Realm).app */;
			productType = "com.apple.product-type.application";
		};
/* End PBXNativeTarget section */

/* Begin PBXProject section */
		D7A257372C4EC71B00E0920E /* Project object */ = {
			isa = PBXProject;
			attributes = {
				BuildIndependentTargetsInParallel = 1;
				LastSwiftUpdateCheck = 1420;
				LastUpgradeCheck = 1420;
				TargetAttributes = {
					D7A2573E2C4EC71B00E0920E = {
						CreatedOnToolsVersion = 14.2;
					};
				};
			};
			buildConfigurationList = D7A2573A2C4EC71B00E0920E /* Build configuration list for PBXProject "Todoey (with Realm)" */;
			compatibilityVersion = "Xcode 14.0";
			developmentRegion = en;
			hasScannedForEncodings = 0;
			knownRegions = (
				en,
				Base,
			);
			mainGroup = D7A257362C4EC71B00E0920E;
			productRefGroup = D7A257402C4EC71B00E0920E /* Products */;
			projectDirPath = "";
			projectRoot = "";
			targets = (
				D7A2573E2C4EC71B00E0920E /* Todoey (with Realm) */,
			);
		};
/* End PBXProject section */

/* Begin PBXResourcesBuildPhase section */
		D7A2573D2C4EC71B00E0920E /* Resources */ = {
			isa = PBXResourcesBuildPhase;
			buildActionMask = 2147483647;
			files = (
				D7A257602C4EC82100E0920E /* Main.storyboard in Resources */,
				D7A2574F2C4EC71D00E0920E /* LaunchScreen.storyboard in Resources */,
				D7A2574C2C4EC71D00E0920E /* Assets.xcassets in Resources */,
			);
			runOnlyForDeploymentPostprocessing = 0;
		};
/* End PBXResourcesBuildPhase section */

/* Begin PBXShellScriptBuildPhase section */
		0A3E47E48B46411B1F0EE9E6 /* [CP] Embed Pods Frameworks */ = {
			isa = PBXShellScriptBuildPhase;
			buildActionMask = 2147483647;
			files = (
			);
			inputFileListPaths = (
				"${PODS_ROOT}/Target Support Files/Pods-Todoey (with Realm)/Pods-Todoey (with Realm)-frameworks-${CONFIGURATION}-input-files.xcfilelist",
			);
			name = "[CP] Embed Pods Frameworks";
			outputFileListPaths = (
				"${PODS_ROOT}/Target Support Files/Pods-Todoey (with Realm)/Pods-Todoey (with Realm)-frameworks-${CONFIGURATION}-output-files.xcfilelist",
			);
			runOnlyForDeploymentPostprocessing = 0;
			shellPath = /bin/sh;
			shellScript = "\"${PODS_ROOT}/Target Support Files/Pods-Todoey (with Realm)/Pods-Todoey (with Realm)-frameworks.sh\"\n";
			showEnvVarsInLog = 0;
		};
		E87F6994531F27CDE0031F49 /* [CP] Check Pods Manifest.lock */ = {
			isa = PBXShellScriptBuildPhase;
			buildActionMask = 2147483647;
			files = (
			);
			inputFileListPaths = (
			);
			inputPaths = (
				"${PODS_PODFILE_DIR_PATH}/Podfile.lock",
				"${PODS_ROOT}/Manifest.lock",
			);
			name = "[CP] Check Pods Manifest.lock";
			outputFileListPaths = (
			);
			outputPaths = (
				"$(DERIVED_FILE_DIR)/Pods-Todoey (with Realm)-checkManifestLockResult.txt",
			);
			runOnlyForDeploymentPostprocessing = 0;
			shellPath = /bin/sh;
			shellScript = "diff \"${PODS_PODFILE_DIR_PATH}/Podfile.lock\" \"${PODS_ROOT}/Manifest.lock\" > /dev/null\nif [ $? != 0 ] ; then\n    # print error to STDERR\n    echo \"error: The sandbox is not in sync with the Podfile.lock. Run 'pod install' or update your CocoaPods installation.\" >&2\n    exit 1\nfi\n# This output is used by Xcode 'outputs' to avoid re-running this script phase.\necho \"SUCCESS\" > \"${SCRIPT_OUTPUT_FILE_0}\"\n";
			showEnvVarsInLog = 0;
		};
/* End PBXShellScriptBuildPhase section */

/* Begin PBXSourcesBuildPhase section */
		D7A2573B2C4EC71B00E0920E /* Sources */ = {
			isa = PBXSourcesBuildPhase;
			buildActionMask = 2147483647;
			files = (
				D7A257652C4EC95D00E0920E /* Todo.swift in Sources */,
				D7A2575C2C4EC79B00E0920E /* CategoryListViewController.swift in Sources */,
				D7A257432C4EC71B00E0920E /* AppDelegate.swift in Sources */,
				D7A2575A2C4EC78100E0920E /* DatabaseService.swift in Sources */,
				D7A2575E2C4EC7B700E0920E /* TodoListViewController.swift in Sources */,
				D7A257452C4EC71B00E0920E /* SceneDelegate.swift in Sources */,
				D7A257632C4EC94400E0920E /* Category.swift in Sources */,
			);
			runOnlyForDeploymentPostprocessing = 0;
		};
/* End PBXSourcesBuildPhase section */

/* Begin PBXVariantGroup section */
		D7A2574D2C4EC71D00E0920E /* LaunchScreen.storyboard */ = {
			isa = PBXVariantGroup;
			children = (
				D7A2574E2C4EC71D00E0920E /* Base */,
			);
			name = LaunchScreen.storyboard;
			sourceTree = "<group>";
		};
/* End PBXVariantGroup section */

/* Begin XCBuildConfiguration section */
		D7A257512C4EC71D00E0920E /* Debug */ = {
			isa = XCBuildConfiguration;
			buildSettings = {
				ALWAYS_SEARCH_USER_PATHS = NO;
				CLANG_ANALYZER_NONNULL = YES;
				CLANG_ANALYZER_NUMBER_OBJECT_CONVERSION = YES_AGGRESSIVE;
				CLANG_CXX_LANGUAGE_STANDARD = "gnu++20";
				CLANG_ENABLE_MODULES = YES;
				CLANG_ENABLE_OBJC_ARC = YES;
				CLANG_ENABLE_OBJC_WEAK = YES;
				CLANG_WARN_BLOCK_CAPTURE_AUTORELEASING = YES;
				CLANG_WARN_BOOL_CONVERSION = YES;
				CLANG_WARN_COMMA = YES;
				CLANG_WARN_CONSTANT_CONVERSION = YES;
				CLANG_WARN_DEPRECATED_OBJC_IMPLEMENTATIONS = YES;
				CLANG_WARN_DIRECT_OBJC_ISA_USAGE = YES_ERROR;
				CLANG_WARN_DOCUMENTATION_COMMENTS = YES;
				CLANG_WARN_EMPTY_BODY = YES;
				CLANG_WARN_ENUM_CONVERSION = YES;
				CLANG_WARN_INFINITE_RECURSION = YES;
				CLANG_WARN_INT_CONVERSION = YES;
				CLANG_WARN_NON_LITERAL_NULL_CONVERSION = YES;
				CLANG_WARN_OBJC_IMPLICIT_RETAIN_SELF = YES;
				CLANG_WARN_OBJC_LITERAL_CONVERSION = YES;
				CLANG_WARN_OBJC_ROOT_CLASS = YES_ERROR;
				CLANG_WARN_QUOTED_INCLUDE_IN_FRAMEWORK_HEADER = YES;
				CLANG_WARN_RANGE_LOOP_ANALYSIS = YES;
				CLANG_WARN_STRICT_PROTOTYPES = YES;
				CLANG_WARN_SUSPICIOUS_MOVE = YES;
				CLANG_WARN_UNGUARDED_AVAILABILITY = YES_AGGRESSIVE;
				CLANG_WARN_UNREACHABLE_CODE = YES;
				CLANG_WARN__DUPLICATE_METHOD_MATCH = YES;
				COPY_PHASE_STRIP = NO;
				DEBUG_INFORMATION_FORMAT = dwarf;
				ENABLE_STRICT_OBJC_MSGSEND = YES;
				ENABLE_TESTABILITY = YES;
				GCC_C_LANGUAGE_STANDARD = gnu11;
				GCC_DYNAMIC_NO_PIC = NO;
				GCC_NO_COMMON_BLOCKS = YES;
				GCC_OPTIMIZATION_LEVEL = 0;
				GCC_PREPROCESSOR_DEFINITIONS = (
					"DEBUG=1",
					"$(inherited)",
				);
				GCC_WARN_64_TO_32_BIT_CONVERSION = YES;
				GCC_WARN_ABOUT_RETURN_TYPE = YES_ERROR;
				GCC_WARN_UNDECLARED_SELECTOR = YES;
				GCC_WARN_UNINITIALIZED_AUTOS = YES_AGGRESSIVE;
				GCC_WARN_UNUSED_FUNCTION = YES;
				GCC_WARN_UNUSED_VARIABLE = YES;
				IPHONEOS_DEPLOYMENT_TARGET = 16.2;
				MTL_ENABLE_DEBUG_INFO = INCLUDE_SOURCE;
				MTL_FAST_MATH = YES;
				ONLY_ACTIVE_ARCH = YES;
				SDKROOT = iphoneos;
				SWIFT_ACTIVE_COMPILATION_CONDITIONS = DEBUG;
				SWIFT_OPTIMIZATION_LEVEL = "-Onone";
			};
			name = Debug;
		};
		D7A257522C4EC71D00E0920E /* Release */ = {
			isa = XCBuildConfiguration;
			buildSettings = {
				ALWAYS_SEARCH_USER_PATHS = NO;
				CLANG_ANALYZER_NONNULL = YES;
				CLANG_ANALYZER_NUMBER_OBJECT_CONVERSION = YES_AGGRESSIVE;
				CLANG_CXX_LANGUAGE_STANDARD = "gnu++20";
				CLANG_ENABLE_MODULES = YES;
				CLANG_ENABLE_OBJC_ARC = YES;
				CLANG_ENABLE_OBJC_WEAK = YES;
				CLANG_WARN_BLOCK_CAPTURE_AUTORELEASING = YES;
				CLANG_WARN_BOOL_CONVERSION = YES;
				CLANG_WARN_COMMA = YES;
				CLANG_WARN_CONSTANT_CONVERSION = YES;
				CLANG_WARN_DEPRECATED_OBJC_IMPLEMENTATIONS = YES;
				CLANG_WARN_DIRECT_OBJC_ISA_USAGE = YES_ERROR;
				CLANG_WARN_DOCUMENTATION_COMMENTS = YES;
				CLANG_WARN_EMPTY_BODY = YES;
				CLANG_WARN_ENUM_CONVERSION = YES;
				CLANG_WARN_INFINITE_RECURSION = YES;
				CLANG_WARN_INT_CONVERSION = YES;
				CLANG_WARN_NON_LITERAL_NULL_CONVERSION = YES;
				CLANG_WARN_OBJC_IMPLICIT_RETAIN_SELF = YES;
				CLANG_WARN_OBJC_LITERAL_CONVERSION = YES;
				CLANG_WARN_OBJC_ROOT_CLASS = YES_ERROR;
				CLANG_WARN_QUOTED_INCLUDE_IN_FRAMEWORK_HEADER = YES;
				CLANG_WARN_RANGE_LOOP_ANALYSIS = YES;
				CLANG_WARN_STRICT_PROTOTYPES = YES;
				CLANG_WARN_SUSPICIOUS_MOVE = YES;
				CLANG_WARN_UNGUARDED_AVAILABILITY = YES_AGGRESSIVE;
				CLANG_WARN_UNREACHABLE_CODE = YES;
				CLANG_WARN__DUPLICATE_METHOD_MATCH = YES;
				COPY_PHASE_STRIP = NO;
				DEBUG_INFORMATION_FORMAT = "dwarf-with-dsym";
				ENABLE_NS_ASSERTIONS = NO;
				ENABLE_STRICT_OBJC_MSGSEND = YES;
				GCC_C_LANGUAGE_STANDARD = gnu11;
				GCC_NO_COMMON_BLOCKS = YES;
				GCC_WARN_64_TO_32_BIT_CONVERSION = YES;
				GCC_WARN_ABOUT_RETURN_TYPE = YES_ERROR;
				GCC_WARN_UNDECLARED_SELECTOR = YES;
				GCC_WARN_UNINITIALIZED_AUTOS = YES_AGGRESSIVE;
				GCC_WARN_UNUSED_FUNCTION = YES;
				GCC_WARN_UNUSED_VARIABLE = YES;
				IPHONEOS_DEPLOYMENT_TARGET = 16.2;
				MTL_ENABLE_DEBUG_INFO = NO;
				MTL_FAST_MATH = YES;
				SDKROOT = iphoneos;
				SWIFT_COMPILATION_MODE = wholemodule;
				SWIFT_OPTIMIZATION_LEVEL = "-O";
				VALIDATE_PRODUCT = YES;
			};
			name = Release;
		};
		D7A257542C4EC71D00E0920E /* Debug */ = {
			isa = XCBuildConfiguration;
			baseConfigurationReference = D381D938E24EBADD37F34D05 /* Pods-Todoey (with Realm).debug.xcconfig */;
			buildSettings = {
				ASSETCATALOG_COMPILER_APPICON_NAME = AppIcon;
				ASSETCATALOG_COMPILER_GLOBAL_ACCENT_COLOR_NAME = AccentColor;
				CODE_SIGN_STYLE = Automatic;
				CURRENT_PROJECT_VERSION = 1;
				GENERATE_INFOPLIST_FILE = YES;
				INFOPLIST_FILE = "Todoey (with Realm)/Info.plist";
				INFOPLIST_KEY_UIApplicationSupportsIndirectInputEvents = YES;
				INFOPLIST_KEY_UILaunchStoryboardName = LaunchScreen;
				INFOPLIST_KEY_UIMainStoryboardFile = Main;
				INFOPLIST_KEY_UISupportedInterfaceOrientations_iPad = "UIInterfaceOrientationPortrait UIInterfaceOrientationPortraitUpsideDown UIInterfaceOrientationLandscapeLeft UIInterfaceOrientationLandscapeRight";
				INFOPLIST_KEY_UISupportedInterfaceOrientations_iPhone = "UIInterfaceOrientationPortrait UIInterfaceOrientationLandscapeLeft UIInterfaceOrientationLandscapeRight";
				LD_RUNPATH_SEARCH_PATHS = (
					"$(inherited)",
					"@executable_path/Frameworks",
				);
				MARKETING_VERSION = 1.0;
				PRODUCT_BUNDLE_IDENTIFIER = "irtiza.Todoey--with-Realm-";
				PRODUCT_NAME = "$(TARGET_NAME)";
				SWIFT_EMIT_LOC_STRINGS = YES;
				SWIFT_VERSION = 5.0;
				TARGETED_DEVICE_FAMILY = "1,2";
			};
			name = Debug;
		};
		D7A257552C4EC71D00E0920E /* Release */ = {
			isa = XCBuildConfiguration;
			baseConfigurationReference = 0524F006845C19158A9337FC /* Pods-Todoey (with Realm).release.xcconfig */;
			buildSettings = {
				ASSETCATALOG_COMPILER_APPICON_NAME = AppIcon;
				ASSETCATALOG_COMPILER_GLOBAL_ACCENT_COLOR_NAME = AccentColor;
				CODE_SIGN_STYLE = Automatic;
				CURRENT_PROJECT_VERSION = 1;
				GENERATE_INFOPLIST_FILE = YES;
				INFOPLIST_FILE = "Todoey (with Realm)/Info.plist";
				INFOPLIST_KEY_UIApplicationSupportsIndirectInputEvents = YES;
				INFOPLIST_KEY_UILaunchStoryboardName = LaunchScreen;
				INFOPLIST_KEY_UIMainStoryboardFile = Main;
				INFOPLIST_KEY_UISupportedInterfaceOrientations_iPad = "UIInterfaceOrientationPortrait UIInterfaceOrientationPortraitUpsideDown UIInterfaceOrientationLandscapeLeft UIInterfaceOrientationLandscapeRight";
				INFOPLIST_KEY_UISupportedInterfaceOrientations_iPhone = "UIInterfaceOrientationPortrait UIInterfaceOrientationLandscapeLeft UIInterfaceOrientationLandscapeRight";
				LD_RUNPATH_SEARCH_PATHS = (
					"$(inherited)",
					"@executable_path/Frameworks",
				);
				MARKETING_VERSION = 1.0;
				PRODUCT_BUNDLE_IDENTIFIER = "irtiza.Todoey--with-Realm-";
				PRODUCT_NAME = "$(TARGET_NAME)";
				SWIFT_EMIT_LOC_STRINGS = YES;
				SWIFT_VERSION = 5.0;
				TARGETED_DEVICE_FAMILY = "1,2";
			};
			name = Release;
		};
/* End XCBuildConfiguration section */

/* Begin XCConfigurationList section */
		D7A2573A2C4EC71B00E0920E /* Build configuration list for PBXProject "Todoey (with Realm)" */ = {
			isa = XCConfigurationList;
			buildConfigurations = (
				D7A257512C4EC71D00E0920E /* Debug */,
				D7A257522C4EC71D00E0920E /* Release */,
			);
			defaultConfigurationIsVisible = 0;
			defaultConfigurationName = Release;
		};
		D7A257532C4EC71D00E0920E /* Build configuration list for PBXNativeTarget "Todoey (with Realm)" */ = {
			isa = XCConfigurationList;
			buildConfigurations = (
				D7A257542C4EC71D00E0920E /* Debug */,
				D7A257552C4EC71D00E0920E /* Release */,
			);
			defaultConfigurationIsVisible = 0;
			defaultConfigurationName = Release;
		};
/* End XCConfigurationList section */
	};
	rootObject = D7A257372C4EC71B00E0920E /* Project object */;
}
